
Microsoft Visual Studio Solution File, Format Version 12.00
# Visual Studio Version 17
VisualStudioVersion = 17.7.34221.43
MinimumVisualStudioVersion = 10.0.40219.1
Project("{FAE04EC0-301F-11D3-BF4B-00C04F79EFBC}") = "StoreApp", "StoreApp.csproj", "{116CBD5F-6F57-41F2-A26B-1074A5849C51}"
EndProject
Project("{FAE04EC0-301F-11D3-BF4B-00C04F79EFBC}") = "StoreApp.tests", "..\StoreApp.tests\StoreApp.tests.csproj", "{438EDC37-1E6C-45C6-A926-A4D2B252448B}"
EndProject
Global
	GlobalSection(SolutionConfigurationPlatforms) = preSolution
		Debug|Any CPU = Debug|Any CPU
		Release|Any CPU = Release|Any CPU
	EndGlobalSection
	GlobalSection(ProjectConfigurationPlatforms) = postSolution
		{116CBD5F-6F57-41F2-A26B-1074A5849C51}.Debug|Any CPU.ActiveCfg = Debug|Any CPU
		{116CBD5F-6F57-41F2-A26B-1074A5849C51}.Debug|Any CPU.Build.0 = Debug|Any CPU
		{116CBD5F-6F57-41F2-A26B-1074A5849C51}.Release|Any CPU.ActiveCfg = Release|Any CPU
		{116CBD5F-6F57-41F2-A26B-1074A5849C51}.Release|Any CPU.Build.0 = Release|Any CPU
		{438EDC37-1E6C-45C6-A926-A4D2B252448B}.Debug|Any CPU.ActiveCfg = Debug|Any CPU
		{438EDC37-1E6C-45C6-A926-A4D2B252448B}.Debug|Any CPU.Build.0 = Debug|Any CPU
		{438EDC37-1E6C-45C6-A926-A4D2B252448B}.Release|Any CPU.ActiveCfg = Release|Any CPU
		{438EDC37-1E6C-45C6-A926-A4D2B252448B}.Release|Any CPU.Build.0 = Release|Any CPU
	EndGlobalSection
	GlobalSection(SolutionProperties) = preSolution
		HideSolutionNode = FALSE
	EndGlobalSection
	GlobalSection(ExtensibilityGlobals) = postSolution
		SolutionGuid = {C97BB405-62BA-4C0D-A581-C2F211B988D9}
	EndGlobalSection
EndGlobal
